{
  "lockfileVersion": 1,
  "workspaces": {
    "": {
      "name": "tauri-api",
      "dependencies": {
        "axios": "1.12.2",
        "dotenv": "17.2.3",
        "express": "4.19.2",
        "node-cron": "4.2.1",
      },
      "devDependencies": {
        "@eslint/js": "^9.38.0",
        "@types/express": "4.17.21",
        "@types/node": "^24.8.1",
        "@types/node-cron": "3.0.11",
        "@typescript-eslint/eslint-plugin": "^8.46.1",
        "@typescript-eslint/parser": "^8.46.1",
        "eslint": "^9.38.0",
        "eslint-config-prettier": "^10.1.8",
        "eslint-plugin-prettier": "^5.5.4",
        "globals": "^16.4.0",
        "prettier": "^3.6.2",
        "ts-node": "^10.9.2",
        "typescript": "5.9.3",
        "typescript-eslint": "^8.46.1",
      },
    },
  },
  "packages": {
    "@cspotcode/source-map-support": ["@cspotcode/source-map-support@0.8.1", "", { "dependencies": { "@jridgewell/trace-mapping": "0.3.9" } }, "sha512-IchNf6dN4tHoMFIn/7OE8LWZ19Y6q/67Bmf6vnGREv8RSbBVb9LPJxEcnwrcwX6ixSvaiGoomAUvu4YSxXrVgw=="],

    "@eslint-community/eslint-utils": ["@eslint-community/eslint-utils@4.9.0", "", { "dependencies": { "eslint-visitor-keys": "^3.4.3" } }, "sha512-ayVFHdtZ+hsq1t2Dy24wCmGXGe4q9Gu3smhLYALJrr473ZH27MsnSL+LKUlimp4BWJqMDMLmPpx/Q9R3OAlL4g=="],

    "@eslint-community/regexpp": ["@eslint-community/regexpp@4.12.1", "", {}, "sha512-CCZCDJuduB9OUkFkY2IgppNZMi2lBQgD2qzwXkEia16cge2pijY/aXi96CJMquDMn3nJdlPV1A5KrJEXwfLNzQ=="],

    "@eslint/config-array": ["@eslint/config-array@0.21.1", "", { "dependencies": { "@eslint/object-schema": "^2.1.7", "debug": "^4.3.1", "minimatch": "^3.1.2" } }, "sha512-aw1gNayWpdI/jSYVgzN5pL0cfzU02GT3NBpeT/DXbx1/1x7ZKxFPd9bwrzygx/qiwIQiJ1sw/zD8qY/kRvlGHA=="],

    "@eslint/config-helpers": ["@eslint/config-helpers@0.4.1", "", { "dependencies": { "@eslint/core": "^0.16.0" } }, "sha512-csZAzkNhsgwb0I/UAV6/RGFTbiakPCf0ZrGmrIxQpYvGZ00PhTkSnyKNolphgIvmnJeGw6rcGVEXfTzUnFuEvw=="],

    "@eslint/core": ["@eslint/core@0.16.0", "", { "dependencies": { "@types/json-schema": "^7.0.15" } }, "sha512-nmC8/totwobIiFcGkDza3GIKfAw1+hLiYVrh3I1nIomQ8PEr5cxg34jnkmGawul/ep52wGRAcyeDCNtWKSOj4Q=="],

    "@eslint/eslintrc": ["@eslint/eslintrc@3.3.1", "", { "dependencies": { "ajv": "^6.12.4", "debug": "^4.3.2", "espree": "^10.0.1", "globals": "^14.0.0", "ignore": "^5.2.0", "import-fresh": "^3.2.1", "js-yaml": "^4.1.0", "minimatch": "^3.1.2", "strip-json-comments": "^3.1.1" } }, "sha512-gtF186CXhIl1p4pJNGZw8Yc6RlshoePRvE0X91oPGb3vZ8pM3qOS9W9NGPat9LziaBV7XrJWGylNQXkGcnM3IQ=="],

    "@eslint/js": ["@eslint/js@9.38.0", "", {}, "sha512-UZ1VpFvXf9J06YG9xQBdnzU+kthors6KjhMAl6f4gH4usHyh31rUf2DLGInT8RFYIReYXNSydgPY0V2LuWgl7A=="],

    "@eslint/object-schema": ["@eslint/object-schema@2.1.7", "", {}, "sha512-VtAOaymWVfZcmZbp6E2mympDIHvyjXs/12LqWYjVw6qjrfF+VK+fyG33kChz3nnK+SU5/NeHOqrTEHS8sXO3OA=="],

    "@eslint/plugin-kit": ["@eslint/plugin-kit@0.4.0", "", { "dependencies": { "@eslint/core": "^0.16.0", "levn": "^0.4.1" } }, "sha512-sB5uyeq+dwCWyPi31B2gQlVlo+j5brPlWx4yZBrEaRo/nhdDE8Xke1gsGgtiBdaBTxuTkceLVuVt/pclrasb0A=="],

    "@humanfs/core": ["@humanfs/core@0.19.1", "", {}, "sha512-5DyQ4+1JEUzejeK1JGICcideyfUbGixgS9jNgex5nqkW+cY7WZhxBigmieN5Qnw9ZosSNVC9KQKyb+GUaGyKUA=="],

    "@humanfs/node": ["@humanfs/node@0.16.7", "", { "dependencies": { "@humanfs/core": "^0.19.1", "@humanwhocodes/retry": "^0.4.0" } }, "sha512-/zUx+yOsIrG4Y43Eh2peDeKCxlRt/gET6aHfaKpuq267qXdYDFViVHfMaLyygZOnl0kGWxFIgsBy8QFuTLUXEQ=="],

    "@humanwhocodes/module-importer": ["@humanwhocodes/module-importer@1.0.1", "", {}, "sha512-bxveV4V8v5Yb4ncFTT3rPSgZBOpCkjfK0y4oVVVJwIuDVBRMDXrPyXRL988i5ap9m9bnyEEjWfm5WkBmtffLfA=="],

    "@humanwhocodes/retry": ["@humanwhocodes/retry@0.4.3", "", {}, "sha512-bV0Tgo9K4hfPCek+aMAn81RppFKv2ySDQeMoSZuvTASywNTnVJCArCZE2FWqpvIatKu7VMRLWlR1EazvVhDyhQ=="],

    "@jridgewell/resolve-uri": ["@jridgewell/resolve-uri@3.1.2", "", {}, "sha512-bRISgCIjP20/tbWSPWMEi54QVPRZExkuD9lJL+UIxUKtwVJA8wW1Trb1jMs1RFXo1CBTNZ/5hpC9QvmKWdopKw=="],

    "@jridgewell/sourcemap-codec": ["@jridgewell/sourcemap-codec@1.5.5", "", {}, "sha512-cYQ9310grqxueWbl+WuIUIaiUaDcj7WOq5fVhEljNVgRfOUhY9fy2zTvfoqWsnebh8Sl70VScFbICvJnLKB0Og=="],

    "@jridgewell/trace-mapping": ["@jridgewell/trace-mapping@0.3.9", "", { "dependencies": { "@jridgewell/resolve-uri": "^3.0.3", "@jridgewell/sourcemap-codec": "^1.4.10" } }, "sha512-3Belt6tdc8bPgAtbcmdtNJlirVoTmEb5e2gC94PnkwEW9jI6CAHUeoG85tjWP5WquqfavoMtMwiG4P926ZKKuQ=="],

    "@nodelib/fs.scandir": ["@nodelib/fs.scandir@2.1.5", "", { "dependencies": { "@nodelib/fs.stat": "2.0.5", "run-parallel": "^1.1.9" } }, "sha512-vq24Bq3ym5HEQm2NKCr3yXDwjc7vTsEThRDnkp2DK9p1uqLR+DHurm/NOTo0KG7HYHU7eppKZj3MyqYuMBf62g=="],

    "@nodelib/fs.stat": ["@nodelib/fs.stat@2.0.5", "", {}, "sha512-RkhPPp2zrqDAQA/2jNhnztcPAlv64XdhIp7a7454A5ovI7Bukxgt7MX7udwAu3zg1DcpPU0rz3VV1SeaqvY4+A=="],

    "@nodelib/fs.walk": ["@nodelib/fs.walk@1.2.8", "", { "dependencies": { "@nodelib/fs.scandir": "2.1.5", "fastq": "^1.6.0" } }, "sha512-oGB+UxlgWcgQkgwo8GcEGwemoTFt3FIO9ababBmaGwXIoBKZ+GTy0pP185beGg7Llih/NSHSV2XAs1lnznocSg=="],

    "@pkgr/core": ["@pkgr/core@0.2.9", "", {}, "sha512-QNqXyfVS2wm9hweSYD2O7F0G06uurj9kZ96TRQE5Y9hU7+tgdZwIkbAKc5Ocy1HxEY2kuDQa6cQ1WRs/O5LFKA=="],

    "@tsconfig/node10": ["@tsconfig/node10@1.0.11", "", {}, "sha512-DcRjDCujK/kCk/cUe8Xz8ZSpm8mS3mNNpta+jGCA6USEDfktlNvm1+IuZ9eTcDbNk41BHwpHHeW+N1lKCz4zOw=="],

    "@tsconfig/node12": ["@tsconfig/node12@1.0.11", "", {}, "sha512-cqefuRsh12pWyGsIoBKJA9luFu3mRxCA+ORZvA4ktLSzIuCUtWVxGIuXigEwO5/ywWFMZ2QEGKWvkZG1zDMTag=="],

    "@tsconfig/node14": ["@tsconfig/node14@1.0.3", "", {}, "sha512-ysT8mhdixWK6Hw3i1V2AeRqZ5WfXg1G43mqoYlM2nc6388Fq5jcXyr5mRsqViLx/GJYdoL0bfXD8nmF+Zn/Iow=="],

    "@tsconfig/node16": ["@tsconfig/node16@1.0.4", "", {}, "sha512-vxhUy4J8lyeyinH7Azl1pdd43GJhZH/tP2weN8TntQblOY+A0XbT8DJk1/oCPuOOyg/Ja757rG0CgHcWC8OfMA=="],

    "@types/body-parser": ["@types/body-parser@https://registry.npmjs.org/@types/body-parser/-/body-parser-1.19.0.tgz", { "dependencies": { "@types/connect": "*", "@types/node": "*" } }],

    "@types/connect": ["@types/connect@https://registry.npmjs.org/@types/connect/-/connect-3.4.33.tgz", { "dependencies": { "@types/node": "*" } }],

    "@types/estree": ["@types/estree@1.0.8", "", {}, "sha512-dWHzHa2WqEXI/O1E9OjrocMTKJl2mSrEolh1Iomrv6U+JuNwaHXsXx9bLu5gG7BUWFIN0skIQJQ/L1rIex4X6w=="],

    "@types/express": ["@types/express@4.17.21", "", { "dependencies": { "@types/body-parser": "*", "@types/express-serve-static-core": "^4.17.33", "@types/qs": "*", "@types/serve-static": "*" } }, "sha512-ejlPM315qwLpaQlQDTjPdsUFSc6ZsP4AN6AlWnogPjQ7CVi7PYF3YVz+CY3jE2pwYf7E/7HlDAN0rV2GxTG0HQ=="],

    "@types/express-serve-static-core": ["@types/express-serve-static-core@4.19.5", "", { "dependencies": { "@types/node": "*", "@types/qs": "*", "@types/range-parser": "*", "@types/send": "*" } }, "sha512-y6W03tvrACO72aijJ5uF02FRq5cgDR9lUxddQ8vyF+GvmjJQqbzDcJngEjURc+ZsG31VI3hODNZJ2URj86pzmg=="],

    "@types/json-schema": ["@types/json-schema@7.0.15", "", {}, "sha512-5+fP8P8MFNC+AyZCDxrB2pkZFPGzqQWUzpSeuuVLvm8VMcorNYavBqoFcxK8bQz4Qsbn4oUEEem4wDLfcysGHA=="],

    "@types/mime": ["@types/mime@https://registry.npmjs.org/@types/mime/-/mime-2.0.3.tgz", {}],

    "@types/node": ["@types/node@24.8.1", "", { "dependencies": { "undici-types": "~7.14.0" } }, "sha512-alv65KGRadQVfVcG69MuB4IzdYVpRwMG/mq8KWOaoOdyY617P5ivaDiMCGOFDWD2sAn5Q0mR3mRtUOgm99hL9Q=="],

    "@types/node-cron": ["@types/node-cron@3.0.11", "", {}, "sha512-0ikrnug3/IyneSHqCBeslAhlK2aBfYek1fGo4bP4QnZPmiqSGRK+Oy7ZMisLWkesffJvQ1cqAcBnJC+8+nxIAg=="],

    "@types/qs": ["@types/qs@https://registry.npmjs.org/@types/qs/-/qs-6.9.5.tgz", {}],

    "@types/range-parser": ["@types/range-parser@https://registry.npmjs.org/@types/range-parser/-/range-parser-1.2.3.tgz", {}],

    "@types/send": ["@types/send@0.17.4", "", { "dependencies": { "@types/mime": "^1", "@types/node": "*" } }, "sha512-x2EM6TJOybec7c52BX0ZspPodMsQUd5L6PRwOunVyVUhXiBSKf3AezDL8Dgvgt5o0UfKNfuA0eMLr2wLT4AiBA=="],

    "@types/serve-static": ["@types/serve-static@https://registry.npmjs.org/@types/serve-static/-/serve-static-1.13.7.tgz", { "dependencies": { "@types/mime": "*", "@types/node": "*" } }],

    "@typescript-eslint/eslint-plugin": ["@typescript-eslint/eslint-plugin@8.46.1", "", { "dependencies": { "@eslint-community/regexpp": "^4.10.0", "@typescript-eslint/scope-manager": "8.46.1", "@typescript-eslint/type-utils": "8.46.1", "@typescript-eslint/utils": "8.46.1", "@typescript-eslint/visitor-keys": "8.46.1", "graphemer": "^1.4.0", "ignore": "^7.0.0", "natural-compare": "^1.4.0", "ts-api-utils": "^2.1.0" }, "peerDependencies": { "@typescript-eslint/parser": "^8.46.1", "eslint": "^8.57.0 || ^9.0.0", "typescript": ">=4.8.4 <6.0.0" } }, "sha512-rUsLh8PXmBjdiPY+Emjz9NX2yHvhS11v0SR6xNJkm5GM1MO9ea/1GoDKlHHZGrOJclL/cZ2i/vRUYVtjRhrHVQ=="],

    "@typescript-eslint/parser": ["@typescript-eslint/parser@8.46.1", "", { "dependencies": { "@typescript-eslint/scope-manager": "8.46.1", "@typescript-eslint/types": "8.46.1", "@typescript-eslint/typescript-estree": "8.46.1", "@typescript-eslint/visitor-keys": "8.46.1", "debug": "^4.3.4" }, "peerDependencies": { "eslint": "^8.57.0 || ^9.0.0", "typescript": ">=4.8.4 <6.0.0" } }, "sha512-6JSSaBZmsKvEkbRUkf7Zj7dru/8ZCrJxAqArcLaVMee5907JdtEbKGsZ7zNiIm/UAkpGUkaSMZEXShnN2D1HZA=="],

    "@typescript-eslint/project-service": ["@typescript-eslint/project-service@8.46.1", "", { "dependencies": { "@typescript-eslint/tsconfig-utils": "^8.46.1", "@typescript-eslint/types": "^8.46.1", "debug": "^4.3.4" }, "peerDependencies": { "typescript": ">=4.8.4 <6.0.0" } }, "sha512-FOIaFVMHzRskXr5J4Jp8lFVV0gz5ngv3RHmn+E4HYxSJ3DgDzU7fVI1/M7Ijh1zf6S7HIoaIOtln1H5y8V+9Zg=="],

    "@typescript-eslint/scope-manager": ["@typescript-eslint/scope-manager@8.46.1", "", { "dependencies": { "@typescript-eslint/types": "8.46.1", "@typescript-eslint/visitor-keys": "8.46.1" } }, "sha512-weL9Gg3/5F0pVQKiF8eOXFZp8emqWzZsOJuWRUNtHT+UNV2xSJegmpCNQHy37aEQIbToTq7RHKhWvOsmbM680A=="],

    "@typescript-eslint/tsconfig-utils": ["@typescript-eslint/tsconfig-utils@8.46.1", "", { "peerDependencies": { "typescript": ">=4.8.4 <6.0.0" } }, "sha512-X88+J/CwFvlJB+mK09VFqx5FE4H5cXD+H/Bdza2aEWkSb8hnWIQorNcscRl4IEo1Cz9VI/+/r/jnGWkbWPx54g=="],

    "@typescript-eslint/type-utils": ["@typescript-eslint/type-utils@8.46.1", "", { "dependencies": { "@typescript-eslint/types": "8.46.1", "@typescript-eslint/typescript-estree": "8.46.1", "@typescript-eslint/utils": "8.46.1", "debug": "^4.3.4", "ts-api-utils": "^2.1.0" }, "peerDependencies": { "eslint": "^8.57.0 || ^9.0.0", "typescript": ">=4.8.4 <6.0.0" } }, "sha512-+BlmiHIiqufBxkVnOtFwjah/vrkF4MtKKvpXrKSPLCkCtAp8H01/VV43sfqA98Od7nJpDcFnkwgyfQbOG0AMvw=="],

    "@typescript-eslint/types": ["@typescript-eslint/types@8.46.1", "", {}, "sha512-C+soprGBHwWBdkDpbaRC4paGBrkIXxVlNohadL5o0kfhsXqOC6GYH2S/Obmig+I0HTDl8wMaRySwrfrXVP8/pQ=="],

    "@typescript-eslint/typescript-estree": ["@typescript-eslint/typescript-estree@8.46.1", "", { "dependencies": { "@typescript-eslint/project-service": "8.46.1", "@typescript-eslint/tsconfig-utils": "8.46.1", "@typescript-eslint/types": "8.46.1", "@typescript-eslint/visitor-keys": "8.46.1", "debug": "^4.3.4", "fast-glob": "^3.3.2", "is-glob": "^4.0.3", "minimatch": "^9.0.4", "semver": "^7.6.0", "ts-api-utils": "^2.1.0" }, "peerDependencies": { "typescript": ">=4.8.4 <6.0.0" } }, "sha512-uIifjT4s8cQKFQ8ZBXXyoUODtRoAd7F7+G8MKmtzj17+1UbdzFl52AzRyZRyKqPHhgzvXunnSckVu36flGy8cg=="],

    "@typescript-eslint/utils": ["@typescript-eslint/utils@8.46.1", "", { "dependencies": { "@eslint-community/eslint-utils": "^4.7.0", "@typescript-eslint/scope-manager": "8.46.1", "@typescript-eslint/types": "8.46.1", "@typescript-eslint/typescript-estree": "8.46.1" }, "peerDependencies": { "eslint": "^8.57.0 || ^9.0.0", "typescript": ">=4.8.4 <6.0.0" } }, "sha512-vkYUy6LdZS7q1v/Gxb2Zs7zziuXN0wxqsetJdeZdRe/f5dwJFglmuvZBfTUivCtjH725C1jWCDfpadadD95EDQ=="],

    "@typescript-eslint/visitor-keys": ["@typescript-eslint/visitor-keys@8.46.1", "", { "dependencies": { "@typescript-eslint/types": "8.46.1", "eslint-visitor-keys": "^4.2.1" } }, "sha512-ptkmIf2iDkNUjdeu2bQqhFPV1m6qTnFFjg7PPDjxKWaMaP0Z6I9l30Jr3g5QqbZGdw8YdYvLp+XnqnWWZOg/NA=="],

    "accepts": ["accepts@1.3.8", "", { "dependencies": { "mime-types": "~2.1.34", "negotiator": "0.6.3" } }, "sha512-PYAthTa2m2VKxuvSD3DPC/Gy+U+sOA1LAuT8mkmRuvw+NACSaeXEQ+NHcVF7rONl6qcaxV3Uuemwawk+7+SJLw=="],

    "acorn": ["acorn@8.15.0", "", {}, "sha512-NZyJarBfL7nWwIq+FDL6Zp/yHEhePMNnnJ0y3qfieCrmNvYct8uvtiV41UvlSe6apAfk0fY1FbWx+NwfmpvtTg=="],

    "acorn-jsx": ["acorn-jsx@5.3.2", "", {}, "sha512-rq9s+JNhf0IChjtDXxllJ7g41oZk5SlXtp0LHwyA5cejwn7vKmKp4pPri6YEePv2PU65sAsegbXtIinmDFDXgQ=="],

    "acorn-walk": ["acorn-walk@8.3.4", "", { "dependencies": { "acorn": "^8.11.0" } }, "sha512-ueEepnujpqee2o5aIYnvHU6C0A42MNdsIDeqy5BydrkuC5R1ZuUFnm27EeFJGoEHJQgn3uleRvmTXaJgfXbt4g=="],

    "ajv": ["ajv@https://registry.npmjs.org/ajv/-/ajv-6.12.6.tgz", { "dependencies": { "fast-deep-equal": "^3.1.1", "fast-json-stable-stringify": "^2.0.0", "json-schema-traverse": "^0.4.1", "uri-js": "^4.2.2" } }],

    "ansi-styles": ["ansi-styles@https://registry.npmjs.org/ansi-styles/-/ansi-styles-4.3.0.tgz", { "dependencies": { "color-convert": "^2.0.1" } }],

    "arg": ["arg@4.1.3", "", {}, "sha512-58S9QDqG0Xx27YwPSt9fJxivjYl432YCwfDMfZ+71RAqUrZef7LrKQZ3LHLOwCS4FLNBplP533Zx895SeOCHvA=="],

    "argparse": ["argparse@https://registry.npmjs.org/argparse/-/argparse-2.0.1.tgz", {}],

    "array-flatten": ["array-flatten@https://registry.npmjs.org/array-flatten/-/array-flatten-1.1.1.tgz", {}],

    "asynckit": ["asynckit@0.4.0", "", {}, "sha512-Oei9OH4tRh0YqU3GxhX79dM/mwVgvbZJaSNaRk+bshkj0S5cfHcgYakreBjrHwatXKbz+IoIdYLxrKim2MjW0Q=="],

    "axios": ["axios@1.12.2", "", { "dependencies": { "follow-redirects": "^1.15.6", "form-data": "^4.0.4", "proxy-from-env": "^1.1.0" } }, "sha512-vMJzPewAlRyOgxV2dU0Cuz2O8zzzx9VYtbJOaBgXFeLc4IV/Eg50n4LowmehOOR61S8ZMpc2K5Sa7g6A4jfkUw=="],

    "balanced-match": ["balanced-match@https://registry.npmjs.org/balanced-match/-/balanced-match-1.0.2.tgz", {}],

    "body-parser": ["body-parser@1.20.2", "", { "dependencies": { "bytes": "3.1.2", "content-type": "~1.0.5", "debug": "2.6.9", "depd": "2.0.0", "destroy": "1.2.0", "http-errors": "2.0.0", "iconv-lite": "0.4.24", "on-finished": "2.4.1", "qs": "6.11.0", "raw-body": "2.5.2", "type-is": "~1.6.18", "unpipe": "1.0.0" } }, "sha512-ml9pReCu3M61kGlqoTm2umSXTlRTuGTx0bfYj+uIUKKYycG5NtSbeetV3faSU6R7ajOPw0g/J1PvK4qNy7s5bA=="],

    "brace-expansion": ["brace-expansion@https://registry.npmjs.org/brace-expansion/-/brace-expansion-1.1.11.tgz", { "dependencies": { "balanced-match": "^1.0.0", "concat-map": "0.0.1" } }],

    "braces": ["braces@3.0.3", "", { "dependencies": { "fill-range": "^7.1.1" } }, "sha512-yQbXgO/OSZVD2IsiLlro+7Hf6Q18EJrKSEsdoMzKePKXct3gvD8oLcOQdIzGupr5Fj+EDe8gO/lxc1BzfMpxvA=="],

    "bytes": ["bytes@3.1.2", "", {}, "sha512-/Nf7TyzTx6S3yRJObOAV7956r8cr2+Oj8AC5dt8wSP3BQAoeX58NoHyCU8P8zGkNXStjTSi6fzO6F0pBdcYbEg=="],

    "call-bind": ["call-bind@https://registry.npmjs.org/call-bind/-/call-bind-1.0.2.tgz", { "dependencies": { "function-bind": "^1.1.1", "get-intrinsic": "^1.0.2" } }],

    "call-bind-apply-helpers": ["call-bind-apply-helpers@1.0.2", "", { "dependencies": { "es-errors": "^1.3.0", "function-bind": "^1.1.2" } }, "sha512-Sp1ablJ0ivDkSzjcaJdxEunN5/XvksFJ2sMBFfq6x0ryhQV/2b/KwFe21cMpmHtPOSij8K99/wSfoEuTObmuMQ=="],

    "callsites": ["callsites@https://registry.npmjs.org/callsites/-/callsites-3.1.0.tgz", {}],

    "chalk": ["chalk@https://registry.npmjs.org/chalk/-/chalk-4.1.2.tgz", { "dependencies": { "ansi-styles": "^4.1.0", "supports-color": "^7.1.0" } }],

    "color-convert": ["color-convert@https://registry.npmjs.org/color-convert/-/color-convert-2.0.1.tgz", { "dependencies": { "color-name": "~1.1.4" } }],

    "color-name": ["color-name@https://registry.npmjs.org/color-name/-/color-name-1.1.4.tgz", {}],

    "combined-stream": ["combined-stream@1.0.8", "", { "dependencies": { "delayed-stream": "~1.0.0" } }, "sha512-FQN4MRfuJeHf7cBbBMJFXhKSDq+2kAArBlmRBvcvFE5BB1HZKXtSFASDhdlz9zOYwxh8lDdnvmMOe/+5cdoEdg=="],

    "concat-map": ["concat-map@https://registry.npmjs.org/concat-map/-/concat-map-0.0.1.tgz", {}],

    "content-disposition": ["content-disposition@https://registry.npmjs.org/content-disposition/-/content-disposition-0.5.4.tgz", { "dependencies": { "safe-buffer": "5.2.1" } }],

    "content-type": ["content-type@https://registry.npmjs.org/content-type/-/content-type-1.0.4.tgz", {}],

    "cookie": ["cookie@0.6.0", "", {}, "sha512-U71cyTamuh1CRNCfpGY6to28lxvNwPG4Guz/EVjgf3Jmzv0vlDp1atT9eS5dDjMYHucpHbWns6Lwf3BKz6svdw=="],

    "cookie-signature": ["cookie-signature@https://registry.npmjs.org/cookie-signature/-/cookie-signature-1.0.6.tgz", {}],

    "create-require": ["create-require@1.1.1", "", {}, "sha512-dcKFX3jn0MpIaXjisoRvexIJVEKzaq7z2rZKxf+MSr9TkdmHmsU4m2lcLojrj/FHl8mk5VxMmYA+ftRkP/3oKQ=="],

    "cross-spawn": ["cross-spawn@7.0.6", "", { "dependencies": { "path-key": "^3.1.0", "shebang-command": "^2.0.0", "which": "^2.0.1" } }, "sha512-uV2QOWP2nWzsy2aMp8aRibhi9dlzF5Hgh5SHaB9OiTGEyDTiJJyx0uy51QXdyWbtAHNua4XJzUKca3OzKUd3vA=="],

    "debug": ["debug@4.4.3", "", { "dependencies": { "ms": "^2.1.3" } }, "sha512-RGwwWnwQvkVfavKVt22FGLw+xYSdzARwm0ru6DhTVA3umU5hZc28V3kO4stgYryrTlLpuvgI9GiijltAjNbcqA=="],

    "deep-is": ["deep-is@https://registry.npmjs.org/deep-is/-/deep-is-0.1.4.tgz", {}],

    "delayed-stream": ["delayed-stream@1.0.0", "", {}, "sha512-ZySD7Nf91aLB0RxL4KGrKHBXl7Eds1DAmEdcoVawXnLD7SDhpNgtuII2aAkg7a7QS41jxPSZ17p4VdGnMHk3MQ=="],

    "depd": ["depd@2.0.0", "", {}, "sha512-g7nH6P6dyDioJogAAGprGpCtVImJhpPk/roCzdb3fIh61/s/nPsfR6onyMwkCAR/OlC3yBC0lESvUoQEAssIrw=="],

    "destroy": ["destroy@1.2.0", "", {}, "sha512-2sJGJTaXIIaR1w4iJSNoN0hnMY7Gpc/n8D4qSCJw8QqFWXf7cuAgnEHxBpweaVcPevC2l3KpjYCx3NypQQgaJg=="],

    "diff": ["diff@4.0.2", "", {}, "sha512-58lmxKSA4BNyLz+HHMUzlOEpg09FV+ev6ZMe3vJihgdxzgcwZ8VoEEPmALCZG9LmqfVoNMMKpttIYTVG6uDY7A=="],

    "dotenv": ["dotenv@17.2.3", "", {}, "sha512-JVUnt+DUIzu87TABbhPmNfVdBDt18BLOWjMUFJMSi/Qqg7NTYtabbvSNJGOJ7afbRuv9D/lngizHtP7QyLQ+9w=="],

    "dunder-proto": ["dunder-proto@1.0.1", "", { "dependencies": { "call-bind-apply-helpers": "^1.0.1", "es-errors": "^1.3.0", "gopd": "^1.2.0" } }, "sha512-KIN/nDJBQRcXw0MLVhZE9iQHmG68qAVIBg9CqmUYjmQIhgij9U5MFvrqkUL5FbtyyzZuOeOt0zdeRe4UY7ct+A=="],

    "ee-first": ["ee-first@https://registry.npmjs.org/ee-first/-/ee-first-1.1.1.tgz", {}],

    "encodeurl": ["encodeurl@https://registry.npmjs.org/encodeurl/-/encodeurl-1.0.2.tgz", {}],

    "es-define-property": ["es-define-property@1.0.1", "", {}, "sha512-e3nRfgfUZ4rNGL232gUgX06QNyyez04KdjFrF+LTRoOXmrOgFKDg4BCdsjW8EnT69eqdYGmRpJwiPVYNrCaW3g=="],

    "es-errors": ["es-errors@1.3.0", "", {}, "sha512-Zf5H2Kxt2xjTvbJvP2ZWLEICxA6j+hAmMzIlypy4xcBg1vKVnx89Wy0GbS+kf5cwCVFFzdCFh2XSCFNULS6csw=="],

    "es-object-atoms": ["es-object-atoms@1.1.1", "", { "dependencies": { "es-errors": "^1.3.0" } }, "sha512-FGgH2h8zKNim9ljj7dankFPcICIK9Cp5bm+c2gQSYePhpaG5+esrLODihIorn+Pe6FGJzWhXQotPv73jTaldXA=="],

    "es-set-tostringtag": ["es-set-tostringtag@2.1.0", "", { "dependencies": { "es-errors": "^1.3.0", "get-intrinsic": "^1.2.6", "has-tostringtag": "^1.0.2", "hasown": "^2.0.2" } }, "sha512-j6vWzfrGVfyXxge+O0x5sh6cvxAog0a/4Rdd2K36zCMV5eJ+/+tOAngRO8cODMNWbVRdVlmGZQL2YS3yR8bIUA=="],

    "escape-html": ["escape-html@https://registry.npmjs.org/escape-html/-/escape-html-1.0.3.tgz", {}],

    "escape-string-regexp": ["escape-string-regexp@https://registry.npmjs.org/escape-string-regexp/-/escape-string-regexp-4.0.0.tgz", {}],

    "eslint": ["eslint@9.38.0", "", { "dependencies": { "@eslint-community/eslint-utils": "^4.8.0", "@eslint-community/regexpp": "^4.12.1", "@eslint/config-array": "^0.21.1", "@eslint/config-helpers": "^0.4.1", "@eslint/core": "^0.16.0", "@eslint/eslintrc": "^3.3.1", "@eslint/js": "9.38.0", "@eslint/plugin-kit": "^0.4.0", "@humanfs/node": "^0.16.6", "@humanwhocodes/module-importer": "^1.0.1", "@humanwhocodes/retry": "^0.4.2", "@types/estree": "^1.0.6", "ajv": "^6.12.4", "chalk": "^4.0.0", "cross-spawn": "^7.0.6", "debug": "^4.3.2", "escape-string-regexp": "^4.0.0", "eslint-scope": "^8.4.0", "eslint-visitor-keys": "^4.2.1", "espree": "^10.4.0", "esquery": "^1.5.0", "esutils": "^2.0.2", "fast-deep-equal": "^3.1.3", "file-entry-cache": "^8.0.0", "find-up": "^5.0.0", "glob-parent": "^6.0.2", "ignore": "^5.2.0", "imurmurhash": "^0.1.4", "is-glob": "^4.0.0", "json-stable-stringify-without-jsonify": "^1.0.1", "lodash.merge": "^4.6.2", "minimatch": "^3.1.2", "natural-compare": "^1.4.0", "optionator": "^0.9.3" } }, "sha512-t5aPOpmtJcZcz5UJyY2GbvpDlsK5E8JqRqoKtfiKE3cNh437KIqfJr3A3AKf5k64NPx6d0G3dno6XDY05PqPtw=="],

    "eslint-config-prettier": ["eslint-config-prettier@10.1.8", "", { "peerDependencies": { "eslint": ">=7.0.0" }, "bin": { "eslint-config-prettier": "bin/cli.js" } }, "sha512-82GZUjRS0p/jganf6q1rEO25VSoHH0hKPCTrgillPjdI/3bgBhAE1QzHrHTizjpRvy6pGAvKjDJtk2pF9NDq8w=="],

    "eslint-plugin-prettier": ["eslint-plugin-prettier@5.5.4", "", { "dependencies": { "prettier-linter-helpers": "^1.0.0", "synckit": "^0.11.7" }, "peerDependencies": { "@types/eslint": ">=8.0.0", "eslint": ">=8.0.0", "eslint-config-prettier": ">= 7.0.0 <10.0.0 || >=10.1.0", "prettier": ">=3.0.0" }, "optionalPeers": ["@types/eslint", "eslint-config-prettier"] }, "sha512-swNtI95SToIz05YINMA6Ox5R057IMAmWZ26GqPxusAp1TZzj+IdY9tXNWWD3vkF/wEqydCONcwjTFpxybBqZsg=="],

    "eslint-scope": ["eslint-scope@8.4.0", "", { "dependencies": { "esrecurse": "^4.3.0", "estraverse": "^5.2.0" } }, "sha512-sNXOfKCn74rt8RICKMvJS7XKV/Xk9kA7DyJr8mJik3S7Cwgy3qlkkmyS2uQB3jiJg6VNdZd/pDBJu0nvG2NlTg=="],

    "eslint-visitor-keys": ["eslint-visitor-keys@4.2.1", "", {}, "sha512-Uhdk5sfqcee/9H/rCOJikYz67o0a2Tw2hGRPOG2Y1R2dg7brRe1uG0yaNQDHu+TO/uQPF/5eCapvYSmHUjt7JQ=="],

    "espree": ["espree@10.4.0", "", { "dependencies": { "acorn": "^8.15.0", "acorn-jsx": "^5.3.2", "eslint-visitor-keys": "^4.2.1" } }, "sha512-j6PAQ2uUr79PZhBjP5C5fhl8e39FmRnOjsD5lGnWrFU8i2G776tBK7+nP8KuQUTTyAZUwfQqXAgrVH5MbH9CYQ=="],

    "esquery": ["esquery@1.6.0", "", { "dependencies": { "estraverse": "^5.1.0" } }, "sha512-ca9pw9fomFcKPvFLXhBKUK90ZvGibiGOvRJNbjljY7s7uq/5YO4BOzcYtJqExdx99rF6aAcnRxHmcUHcz6sQsg=="],

    "esrecurse": ["esrecurse@https://registry.npmjs.org/esrecurse/-/esrecurse-4.3.0.tgz", { "dependencies": { "estraverse": "^5.2.0" } }],

    "estraverse": ["estraverse@https://registry.npmjs.org/estraverse/-/estraverse-5.3.0.tgz", {}],

    "esutils": ["esutils@https://registry.npmjs.org/esutils/-/esutils-2.0.3.tgz", {}],

    "etag": ["etag@https://registry.npmjs.org/etag/-/etag-1.8.1.tgz", {}],

    "express": ["express@4.19.2", "", { "dependencies": { "accepts": "~1.3.8", "array-flatten": "1.1.1", "body-parser": "1.20.2", "content-disposition": "0.5.4", "content-type": "~1.0.4", "cookie": "0.6.0", "cookie-signature": "1.0.6", "debug": "2.6.9", "depd": "2.0.0", "encodeurl": "~1.0.2", "escape-html": "~1.0.3", "etag": "~1.8.1", "finalhandler": "1.2.0", "fresh": "0.5.2", "http-errors": "2.0.0", "merge-descriptors": "1.0.1", "methods": "~1.1.2", "on-finished": "2.4.1", "parseurl": "~1.3.3", "path-to-regexp": "0.1.7", "proxy-addr": "~2.0.7", "qs": "6.11.0", "range-parser": "~1.2.1", "safe-buffer": "5.2.1", "send": "0.18.0", "serve-static": "1.15.0", "setprototypeof": "1.2.0", "statuses": "2.0.1", "type-is": "~1.6.18", "utils-merge": "1.0.1", "vary": "~1.1.2" } }, "sha512-5T6nhjsT+EOMzuck8JjBHARTHfMht0POzlA60WV2pMD3gyXw2LZnZ+ueGdNxG+0calOJcWKbpFcuzLZ91YWq9Q=="],

    "fast-deep-equal": ["fast-deep-equal@https://registry.npmjs.org/fast-deep-equal/-/fast-deep-equal-3.1.3.tgz", {}],

    "fast-diff": ["fast-diff@1.3.0", "", {}, "sha512-VxPP4NqbUjj6MaAOafWeUn2cXWLcCtljklUtZf0Ind4XQ+QPtmA0b18zZy0jIQx+ExRVCR/ZQpBmik5lXshNsw=="],

    "fast-glob": ["fast-glob@3.3.3", "", { "dependencies": { "@nodelib/fs.stat": "^2.0.2", "@nodelib/fs.walk": "^1.2.3", "glob-parent": "^5.1.2", "merge2": "^1.3.0", "micromatch": "^4.0.8" } }, "sha512-7MptL8U0cqcFdzIzwOTHoilX9x5BrNqye7Z/LuC7kCMRio1EMSyqRK3BEAUD7sXRq4iT4AzTVuZdhgQ2TCvYLg=="],

    "fast-json-stable-stringify": ["fast-json-stable-stringify@https://registry.npmjs.org/fast-json-stable-stringify/-/fast-json-stable-stringify-2.1.0.tgz", {}],

    "fast-levenshtein": ["fast-levenshtein@https://registry.npmjs.org/fast-levenshtein/-/fast-levenshtein-2.0.6.tgz", {}],

    "fastq": ["fastq@1.19.1", "", { "dependencies": { "reusify": "^1.0.4" } }, "sha512-GwLTyxkCXjXbxqIhTsMI2Nui8huMPtnxg7krajPJAjnEG/iiOS7i+zCtWGZR9G0NBKbXKh6X9m9UIsYX/N6vvQ=="],

    "file-entry-cache": ["file-entry-cache@8.0.0", "", { "dependencies": { "flat-cache": "^4.0.0" } }, "sha512-XXTUwCvisa5oacNGRP9SfNtYBNAMi+RPwBFmblZEF7N7swHYQS6/Zfk7SRwx4D5j3CH211YNRco1DEMNVfZCnQ=="],

    "fill-range": ["fill-range@7.1.1", "", { "dependencies": { "to-regex-range": "^5.0.1" } }, "sha512-YsGpe3WHLK8ZYi4tWDg2Jy3ebRz2rXowDxnld4bkQB00cc/1Zw9AWnC0i9ztDJitivtQvaI9KaLyKrc+hBW0yg=="],

    "finalhandler": ["finalhandler@1.2.0", "", { "dependencies": { "debug": "2.6.9", "encodeurl": "~1.0.2", "escape-html": "~1.0.3", "on-finished": "2.4.1", "parseurl": "~1.3.3", "statuses": "2.0.1", "unpipe": "~1.0.0" } }, "sha512-5uXcUVftlQMFnWC9qu/svkWv3GTd2PfUhK/3PLkYNAe7FbqJMt3515HaxE6eRL74GdsriiwujiawdaB1BpEISg=="],

    "find-up": ["find-up@5.0.0", "", { "dependencies": { "locate-path": "^6.0.0", "path-exists": "^4.0.0" } }, "sha512-78/PXT1wlLLDgTzDs7sjq9hzz0vXD+zn+7wypEe4fXQxCmdmqfGsEPQxmiCSQI3ajFV91bVSsvNtrJRiW6nGng=="],

    "flat-cache": ["flat-cache@4.0.1", "", { "dependencies": { "flatted": "^3.2.9", "keyv": "^4.5.4" } }, "sha512-f7ccFPK3SXFHpx15UIGyRJ/FJQctuKZ0zVuN3frBo4HnK3cay9VEW0R6yPYFHC0AgqhukPzKjq22t5DmAyqGyw=="],

    "flatted": ["flatted@3.3.3", "", {}, "sha512-GX+ysw4PBCz0PzosHDepZGANEuFCMLrnRTiEy9McGjmkCQYwRq4A/X786G/fjM/+OjsWSU1ZrY5qyARZmO/uwg=="],

    "follow-redirects": ["follow-redirects@1.15.6", "", {}, "sha512-wWN62YITEaOpSK584EZXJafH1AGpO8RVgElfkuXbTOrPX4fIfOyEpW/CsiNd8JdYrAoOvafRTOEnvsO++qCqFA=="],

    "form-data": ["form-data@4.0.4", "", { "dependencies": { "asynckit": "^0.4.0", "combined-stream": "^1.0.8", "es-set-tostringtag": "^2.1.0", "hasown": "^2.0.2", "mime-types": "^2.1.12" } }, "sha512-KrGhL9Q4zjj0kiUt5OO4Mr/A/jlI2jDYs5eHBpYHPcBEVSiipAvn2Ko2HnPe20rmcuuvMHNdZFp+4IlGTMF0Ow=="],

    "forwarded": ["forwarded@https://registry.npmjs.org/forwarded/-/forwarded-0.2.0.tgz", {}],

    "fresh": ["fresh@https://registry.npmjs.org/fresh/-/fresh-0.5.2.tgz", {}],

    "function-bind": ["function-bind@1.1.2", "", {}, "sha512-7XHNxH7qX9xG5mIwxkhumTox/MIRNcOgDrxWsMt2pAr23WHp6MrRlN7FBSFpCpr+oVO0F744iUgR82nJMfG2SA=="],

    "get-intrinsic": ["get-intrinsic@1.3.0", "", { "dependencies": { "call-bind-apply-helpers": "^1.0.2", "es-define-property": "^1.0.1", "es-errors": "^1.3.0", "es-object-atoms": "^1.1.1", "function-bind": "^1.1.2", "get-proto": "^1.0.1", "gopd": "^1.2.0", "has-symbols": "^1.1.0", "hasown": "^2.0.2", "math-intrinsics": "^1.1.0" } }, "sha512-9fSjSaos/fRIVIp+xSJlE6lfwhES7LNtKaCBIamHsjr2na1BiABJPo0mOjjz8GJDURarmCPGqaiVg5mfjb98CQ=="],

    "get-proto": ["get-proto@1.0.1", "", { "dependencies": { "dunder-proto": "^1.0.1", "es-object-atoms": "^1.0.0" } }, "sha512-sTSfBjoXBp89JvIKIefqw7U2CCebsc74kiY6awiGogKtoSGbgjYE/G/+l9sF3MWFPNc9IcoOC4ODfKHfxFmp0g=="],

    "glob-parent": ["glob-parent@6.0.2", "", { "dependencies": { "is-glob": "^4.0.3" } }, "sha512-XxwI8EOhVQgWp6iDL+3b0r86f4d6AX6zSU55HfB4ydCEuXLXc5FcYeOu+nnGftS4TEju/11rt4KJPTMgbfmv4A=="],

    "globals": ["globals@16.4.0", "", {}, "sha512-ob/2LcVVaVGCYN+r14cnwnoDPUufjiYgSqRhiFD0Q1iI4Odora5RE8Iv1D24hAz5oMophRGkGz+yuvQmmUMnMw=="],

    "gopd": ["gopd@1.2.0", "", {}, "sha512-ZUKRh6/kUFoAiTAtTYPZJ3hw9wNxx+BIBOijnlG9PnrJsCcSjs1wyyD6vJpaYtgnzDrKYRSqf3OO6Rfa93xsRg=="],

    "graphemer": ["graphemer@1.4.0", "", {}, "sha512-EtKwoO6kxCL9WO5xipiHTZlSzBm7WLT627TqC/uVRd0HKmq8NXyebnNYxDoBi7wt8eTWrUrKXCOVaFq9x1kgag=="],

    "has": ["has@https://registry.npmjs.org/has/-/has-1.0.3.tgz", { "dependencies": { "function-bind": "^1.1.1" } }],

    "has-flag": ["has-flag@https://registry.npmjs.org/has-flag/-/has-flag-4.0.0.tgz", {}],

    "has-symbols": ["has-symbols@1.1.0", "", {}, "sha512-1cDNdwJ2Jaohmb3sg4OmKaMBwuC48sYni5HUw2DvsC8LjGTLK9h+eb1X6RyuOHe4hT0ULCW68iomhjUoKUqlPQ=="],

    "has-tostringtag": ["has-tostringtag@1.0.2", "", { "dependencies": { "has-symbols": "^1.0.3" } }, "sha512-NqADB8VjPFLM2V0VvHUewwwsw0ZWBaIdgo+ieHtK3hasLz4qeCRjYcqfB6AQrBggRKppKF8L52/VqdVsO47Dlw=="],

    "hasown": ["hasown@2.0.2", "", { "dependencies": { "function-bind": "^1.1.2" } }, "sha512-0hJU9SCPvmMzIBdZFqNPXWa6dqh7WdH0cII9y+CyS8rG3nL48Bclra9HmKhVVUHyPWNH5Y7xDwAB7bfgSjkUMQ=="],

    "http-errors": ["http-errors@2.0.0", "", { "dependencies": { "depd": "2.0.0", "inherits": "2.0.4", "setprototypeof": "1.2.0", "statuses": "2.0.1", "toidentifier": "1.0.1" } }, "sha512-FtwrG/euBzaEjYeRqOgly7G0qviiXoJWnvEH2Z1plBdXgbyjv34pHTSb9zoeHMyDy33+DWy5Wt9Wo+TURtOYSQ=="],

    "iconv-lite": ["iconv-lite@https://registry.npmjs.org/iconv-lite/-/iconv-lite-0.4.24.tgz", { "dependencies": { "safer-buffer": ">= 2.1.2 < 3" } }],

    "ignore": ["ignore@7.0.5", "", {}, "sha512-Hs59xBNfUIunMFgWAbGX5cq6893IbWg4KnrjbYwX3tx0ztorVgTDA6B2sxf8ejHJ4wz8BqGUMYlnzNBer5NvGg=="],

    "import-fresh": ["import-fresh@https://registry.npmjs.org/import-fresh/-/import-fresh-3.3.0.tgz", { "dependencies": { "parent-module": "^1.0.0", "resolve-from": "^4.0.0" } }],

    "imurmurhash": ["imurmurhash@https://registry.npmjs.org/imurmurhash/-/imurmurhash-0.1.4.tgz", {}],

    "inherits": ["inherits@https://registry.npmjs.org/inherits/-/inherits-2.0.4.tgz", {}],

    "ipaddr.js": ["ipaddr.js@https://registry.npmjs.org/ipaddr.js/-/ipaddr.js-1.9.1.tgz", {}],

    "is-extglob": ["is-extglob@https://registry.npmjs.org/is-extglob/-/is-extglob-2.1.1.tgz", {}],

    "is-glob": ["is-glob@https://registry.npmjs.org/is-glob/-/is-glob-4.0.3.tgz", { "dependencies": { "is-extglob": "^2.1.1" } }],

    "is-number": ["is-number@7.0.0", "", {}, "sha512-41Cifkg6e8TylSpdtTpeLVMqvSBEVzTttHvERD741+pnZ8ANv0004MRL43QKPDlK9cGvNp6NZWZUBlbGXYxxng=="],

    "isexe": ["isexe@https://registry.npmjs.org/isexe/-/isexe-2.0.0.tgz", {}],

    "js-yaml": ["js-yaml@https://registry.npmjs.org/js-yaml/-/js-yaml-4.1.0.tgz", { "dependencies": { "argparse": "^2.0.1" } }],

    "json-buffer": ["json-buffer@3.0.1", "", {}, "sha512-4bV5BfR2mqfQTJm+V5tPPdf+ZpuhiIvTuAB5g8kcrXOZpTT/QwwVRWBywX1ozr6lEuPdbHxwaJlm9G6mI2sfSQ=="],

    "json-schema-traverse": ["json-schema-traverse@https://registry.npmjs.org/json-schema-traverse/-/json-schema-traverse-0.4.1.tgz", {}],

    "json-stable-stringify-without-jsonify": ["json-stable-stringify-without-jsonify@https://registry.npmjs.org/json-stable-stringify-without-jsonify/-/json-stable-stringify-without-jsonify-1.0.1.tgz", {}],

    "keyv": ["keyv@4.5.4", "", { "dependencies": { "json-buffer": "3.0.1" } }, "sha512-oxVHkHR/EJf2CNXnWxRLW6mg7JyCCUcG0DtEGmL2ctUo1PNTin1PUil+r/+4r5MpVgC/fn1kjsx7mjSujKqIpw=="],

    "levn": ["levn@https://registry.npmjs.org/levn/-/levn-0.4.1.tgz", { "dependencies": { "prelude-ls": "^1.2.1", "type-check": "~0.4.0" } }],

    "locate-path": ["locate-path@6.0.0", "", { "dependencies": { "p-locate": "^5.0.0" } }, "sha512-iPZK6eYjbxRu3uB4/WZ3EsEIMJFMqAoopl3R+zuq0UjcAm/MO6KCweDgPfP3elTztoKP3KtnVHxTn2NHBSDVUw=="],

    "lodash.merge": ["lodash.merge@https://registry.npmjs.org/lodash.merge/-/lodash.merge-4.6.2.tgz", {}],

    "make-error": ["make-error@1.3.6", "", {}, "sha512-s8UhlNe7vPKomQhC1qFelMokr/Sc3AgNbso3n74mVPA5LTZwkB9NlXf4XPamLxJE8h0gh73rM94xvwRT2CVInw=="],

    "math-intrinsics": ["math-intrinsics@1.1.0", "", {}, "sha512-/IXtbwEk5HTPyEwyKX6hGkYXxM9nbj64B+ilVJnC/R6B0pH5G4V3b0pVbL7DBj4tkhBAppbQUlf6F6Xl9LHu1g=="],

    "media-typer": ["media-typer@https://registry.npmjs.org/media-typer/-/media-typer-0.3.0.tgz", {}],

    "merge-descriptors": ["merge-descriptors@https://registry.npmjs.org/merge-descriptors/-/merge-descriptors-1.0.1.tgz", {}],

    "merge2": ["merge2@1.4.1", "", {}, "sha512-8q7VEgMJW4J8tcfVPy8g09NcQwZdbwFEqhe/WZkoIzjn/3TGDwtOCYtXGxA3O8tPzpczCCDgv+P2P5y00ZJOOg=="],

    "methods": ["methods@https://registry.npmjs.org/methods/-/methods-1.1.2.tgz", {}],

    "micromatch": ["micromatch@4.0.8", "", { "dependencies": { "braces": "^3.0.3", "picomatch": "^2.3.1" } }, "sha512-PXwfBhYu0hBCPw8Dn0E+WDYb7af3dSLVWKi3HGv84IdF4TyFoC0ysxFd0Goxw7nSv4T/PzEJQxsYsEiFCKo2BA=="],

    "mime": ["mime@https://registry.npmjs.org/mime/-/mime-1.6.0.tgz", {}],

    "mime-db": ["mime-db@1.52.0", "", {}, "sha512-sPU4uV7dYlvtWJxwwxHD0PuihVNiE7TyAbQ5SWxDCB9mUYvOgroQOwYQQOKPJ8CIbE+1ETVlOoK1UC2nU3gYvg=="],

    "mime-types": ["mime-types@2.1.35", "", { "dependencies": { "mime-db": "1.52.0" } }, "sha512-ZDY+bPm5zTTF+YpCrAU9nK0UgICYPT0QtT1NZWFv4s++TNkcgVaT0g6+4R2uI4MjQjzysHB1zxuWL50hzaeXiw=="],

    "minimatch": ["minimatch@3.1.2", "", { "dependencies": { "brace-expansion": "^1.1.7" } }, "sha512-J7p63hRiAjw1NDEww1W7i37+ByIrOWO5XQQAzZ3VOcL0PNybwpfmV/N05zFAzwQ9USyEcX6t3UO+K5aqBQOIHw=="],

    "ms": ["ms@https://registry.npmjs.org/ms/-/ms-2.1.3.tgz", {}],

    "natural-compare": ["natural-compare@1.4.0", "", {}, "sha512-OWND8ei3VtNC9h7V60qff3SVobHr996CTwgxubgyQYEpg290h9J0buyECNNJexkFm5sOajh5G116RYA1c8ZMSw=="],

    "negotiator": ["negotiator@0.6.3", "", {}, "sha512-+EUsqGPLsM+j/zdChZjsnX51g4XrHFOIXwfnCVPGlQk/k5giakcKsuxCObBRu6DSm9opw/O6slWbJdghQM4bBg=="],

    "node-cron": ["node-cron@4.2.1", "", {}, "sha512-lgimEHPE/QDgFlywTd8yTR61ptugX3Qer29efeyWw2rv259HtGBNn1vZVmp8lB9uo9wC0t/AT4iGqXxia+CJFg=="],

    "object-inspect": ["object-inspect@https://registry.npmjs.org/object-inspect/-/object-inspect-1.12.0.tgz", {}],

    "on-finished": ["on-finished@2.4.1", "", { "dependencies": { "ee-first": "1.1.1" } }, "sha512-oVlzkg3ENAhCk2zdv7IJwd/QUD4z2RxRwpkcGY8psCVcCYZNq4wYnVWALHM+brtuJjePWiYF/ClmuDr8Ch5+kg=="],

    "optionator": ["optionator@0.9.4", "", { "dependencies": { "deep-is": "^0.1.3", "fast-levenshtein": "^2.0.6", "levn": "^0.4.1", "prelude-ls": "^1.2.1", "type-check": "^0.4.0", "word-wrap": "^1.2.5" } }, "sha512-6IpQ7mKUxRcZNLIObR0hz7lxsapSSIYNZJwXPGeF0mTVqGKFIXj1DQcMoT22S3ROcLyY/rz0PWaWZ9ayWmad9g=="],

    "p-limit": ["p-limit@3.1.0", "", { "dependencies": { "yocto-queue": "^0.1.0" } }, "sha512-TYOanM3wGwNGsZN2cVTYPArw454xnXj5qmWF1bEoAc4+cU/ol7GVh7odevjp1FNHduHc3KZMcFduxU5Xc6uJRQ=="],

    "p-locate": ["p-locate@5.0.0", "", { "dependencies": { "p-limit": "^3.0.2" } }, "sha512-LaNjtRWUBY++zB5nE/NwcaoMylSPk+S+ZHNB1TzdbMJMny6dynpAGt7X/tl/QYq3TIeE6nxHppbo2LGymrG5Pw=="],

    "parent-module": ["parent-module@https://registry.npmjs.org/parent-module/-/parent-module-1.0.1.tgz", { "dependencies": { "callsites": "^3.0.0" } }],

    "parseurl": ["parseurl@https://registry.npmjs.org/parseurl/-/parseurl-1.3.3.tgz", {}],

    "path-exists": ["path-exists@4.0.0", "", {}, "sha512-ak9Qy5Q7jYb2Wwcey5Fpvg2KoAc/ZIhLSLOSBmRmygPsGwkVVt0fZa0qrtMz+m6tJTAHfZQ8FnmB4MG4LWy7/w=="],

    "path-key": ["path-key@https://registry.npmjs.org/path-key/-/path-key-3.1.1.tgz", {}],

    "path-to-regexp": ["path-to-regexp@https://registry.npmjs.org/path-to-regexp/-/path-to-regexp-0.1.7.tgz", {}],

    "picomatch": ["picomatch@2.3.1", "", {}, "sha512-JU3teHTNjmE2VCGFzuY8EXzCDVwEqB2a8fsIvwaStHhAWJEeVd1o1QD80CU6+ZdEXXSLbSsuLwJjkCBWqRQUVA=="],

    "prelude-ls": ["prelude-ls@https://registry.npmjs.org/prelude-ls/-/prelude-ls-1.2.1.tgz", {}],

    "prettier": ["prettier@3.6.2", "", { "bin": { "prettier": "bin/prettier.cjs" } }, "sha512-I7AIg5boAr5R0FFtJ6rCfD+LFsWHp81dolrFD8S79U9tb8Az2nGrJncnMSnys+bpQJfRUzqs9hnA81OAA3hCuQ=="],

    "prettier-linter-helpers": ["prettier-linter-helpers@1.0.0", "", { "dependencies": { "fast-diff": "^1.1.2" } }, "sha512-GbK2cP9nraSSUF9N2XwUwqfzlAFlMNYYl+ShE/V+H8a9uNl/oUqB1w2EL54Jh0OlyRSd8RfWYJ3coVS4TROP2w=="],

    "proxy-addr": ["proxy-addr@https://registry.npmjs.org/proxy-addr/-/proxy-addr-2.0.7.tgz", { "dependencies": { "forwarded": "0.2.0", "ipaddr.js": "1.9.1" } }],

    "proxy-from-env": ["proxy-from-env@1.1.0", "", {}, "sha512-D+zkORCbA9f1tdWRK0RaCR3GPv50cMxcrz4X8k5LTSUD1Dkw47mKJEZQNunItRTkWwgtaUSo1RVFRIG9ZXiFYg=="],

    "punycode": ["punycode@https://registry.npmjs.org/punycode/-/punycode-2.1.1.tgz", {}],

    "qs": ["qs@6.11.0", "", { "dependencies": { "side-channel": "^1.0.4" } }, "sha512-MvjoMCJwEarSbUYk5O+nmoSzSutSsTwF85zcHPQ9OrlFoZOYIjaqBAJIqIXjptyD5vThxGq52Xu/MaJzRkIk4Q=="],

    "queue-microtask": ["queue-microtask@1.2.3", "", {}, "sha512-NuaNSa6flKT5JaSYQzJok04JzTL1CA6aGhv5rfLW3PgqA+M2ChpZQnAC8h8i4ZFkBS8X5RqkDBHA7r4hej3K9A=="],

    "range-parser": ["range-parser@https://registry.npmjs.org/range-parser/-/range-parser-1.2.1.tgz", {}],

    "raw-body": ["raw-body@2.5.2", "", { "dependencies": { "bytes": "3.1.2", "http-errors": "2.0.0", "iconv-lite": "0.4.24", "unpipe": "1.0.0" } }, "sha512-8zGqypfENjCIqGhgXToC8aB2r7YrBX+AQAfIPs/Mlk+BtPTztOvTS01NRW/3Eh60J+a48lt8qsCzirQ6loCVfA=="],

    "resolve-from": ["resolve-from@https://registry.npmjs.org/resolve-from/-/resolve-from-4.0.0.tgz", {}],

    "reusify": ["reusify@1.1.0", "", {}, "sha512-g6QUff04oZpHs0eG5p83rFLhHeV00ug/Yf9nZM6fLeUrPguBTkTQOdpAWWspMh55TZfVQDPaN3NQJfbVRAxdIw=="],

    "run-parallel": ["run-parallel@1.2.0", "", { "dependencies": { "queue-microtask": "^1.2.2" } }, "sha512-5l4VyZR86LZ/lDxZTR6jqL8AFE2S0IFLMP26AbjsLVADxHdhB/c0GUsH+y39UfCi3dzz8OlQuPmnaJOMoDHQBA=="],

    "safe-buffer": ["safe-buffer@https://registry.npmjs.org/safe-buffer/-/safe-buffer-5.2.1.tgz", {}],

    "safer-buffer": ["safer-buffer@https://registry.npmjs.org/safer-buffer/-/safer-buffer-2.1.2.tgz", {}],

    "semver": ["semver@7.7.3", "", { "bin": { "semver": "bin/semver.js" } }, "sha512-SdsKMrI9TdgjdweUSR9MweHA4EJ8YxHn8DFaDisvhVlUOe4BF1tLD7GAj0lIqWVl+dPb/rExr0Btby5loQm20Q=="],

    "send": ["send@0.18.0", "", { "dependencies": { "debug": "2.6.9", "depd": "2.0.0", "destroy": "1.2.0", "encodeurl": "~1.0.2", "escape-html": "~1.0.3", "etag": "~1.8.1", "fresh": "0.5.2", "http-errors": "2.0.0", "mime": "1.6.0", "ms": "2.1.3", "on-finished": "2.4.1", "range-parser": "~1.2.1", "statuses": "2.0.1" } }, "sha512-qqWzuOjSFOuqPjFe4NOsMLafToQQwBSOEpS+FwEt3A2V3vKubTquT3vmLTQpFgMXp8AlFWFuP1qKaJZOtPpVXg=="],

    "serve-static": ["serve-static@1.15.0", "", { "dependencies": { "encodeurl": "~1.0.2", "escape-html": "~1.0.3", "parseurl": "~1.3.3", "send": "0.18.0" } }, "sha512-XGuRDNjXUijsUL0vl6nSD7cwURuzEgglbOaFuZM9g3kwDXOWVTck0jLzjPzGD+TazWbboZYu52/9/XPdUgne9g=="],

    "setprototypeof": ["setprototypeof@https://registry.npmjs.org/setprototypeof/-/setprototypeof-1.2.0.tgz", {}],

    "shebang-command": ["shebang-command@https://registry.npmjs.org/shebang-command/-/shebang-command-2.0.0.tgz", { "dependencies": { "shebang-regex": "^3.0.0" } }],

    "shebang-regex": ["shebang-regex@https://registry.npmjs.org/shebang-regex/-/shebang-regex-3.0.0.tgz", {}],

    "side-channel": ["side-channel@https://registry.npmjs.org/side-channel/-/side-channel-1.0.4.tgz", { "dependencies": { "call-bind": "^1.0.0", "get-intrinsic": "^1.0.2", "object-inspect": "^1.9.0" } }],

    "statuses": ["statuses@2.0.1", "", {}, "sha512-RwNA9Z/7PrK06rYLIzFMlaF+l73iwpzsqRIFgbMLbTcLD6cOao82TaWefPXQvB2fOC4AjuYSEndS7N/mTCbkdQ=="],

    "strip-json-comments": ["strip-json-comments@https://registry.npmjs.org/strip-json-comments/-/strip-json-comments-3.1.1.tgz", {}],

    "supports-color": ["supports-color@https://registry.npmjs.org/supports-color/-/supports-color-7.2.0.tgz", { "dependencies": { "has-flag": "^4.0.0" } }],

    "synckit": ["synckit@0.11.11", "", { "dependencies": { "@pkgr/core": "^0.2.9" } }, "sha512-MeQTA1r0litLUf0Rp/iisCaL8761lKAZHaimlbGK4j0HysC4PLfqygQj9srcs0m2RdtDYnF8UuYyKpbjHYp7Jw=="],

    "to-regex-range": ["to-regex-range@5.0.1", "", { "dependencies": { "is-number": "^7.0.0" } }, "sha512-65P7iz6X5yEr1cwcgvQxbbIw7Uk3gOy5dIdtZ4rDveLqhrdJP+Li/Hx6tyK0NEb+2GCyneCMJiGqrADCSNk8sQ=="],

    "toidentifier": ["toidentifier@https://registry.npmjs.org/toidentifier/-/toidentifier-1.0.1.tgz", {}],

    "ts-api-utils": ["ts-api-utils@2.1.0", "", { "peerDependencies": { "typescript": ">=4.8.4" } }, "sha512-CUgTZL1irw8u29bzrOD/nH85jqyc74D6SshFgujOIA7osm2Rz7dYH77agkx7H4FBNxDq7Cjf+IjaX/8zwFW+ZQ=="],

    "ts-node": ["ts-node@10.9.2", "", { "dependencies": { "@cspotcode/source-map-support": "^0.8.0", "@tsconfig/node10": "^1.0.7", "@tsconfig/node12": "^1.0.7", "@tsconfig/node14": "^1.0.0", "@tsconfig/node16": "^1.0.2", "acorn": "^8.4.1", "acorn-walk": "^8.1.1", "arg": "^4.1.0", "create-require": "^1.1.0", "diff": "^4.0.1", "make-error": "^1.1.1", "v8-compile-cache-lib": "^3.0.1", "yn": "3.1.1" }, "peerDependencies": { "@swc/core": ">=1.2.50", "@swc/wasm": ">=1.2.50", "@types/node": "*", "typescript": ">=2.7" }, "optionalPeers": ["@swc/core", "@swc/wasm"], "bin": { "ts-node": "dist/bin.js", "ts-script": "dist/bin-script-deprecated.js", "ts-node-cwd": "dist/bin-cwd.js", "ts-node-esm": "dist/bin-esm.js", "ts-node-script": "dist/bin-script.js", "ts-node-transpile-only": "dist/bin-transpile.js" } }, "sha512-f0FFpIdcHgn8zcPSbf1dRevwt047YMnaiJM3u2w2RewrB+fob/zePZcrOyQoLMMO7aBIddLcQIEK5dYjkLnGrQ=="],

    "type-check": ["type-check@https://registry.npmjs.org/type-check/-/type-check-0.4.0.tgz", { "dependencies": { "prelude-ls": "^1.2.1" } }],

    "type-is": ["type-is@https://registry.npmjs.org/type-is/-/type-is-1.6.18.tgz", { "dependencies": { "media-typer": "0.3.0", "mime-types": "~2.1.24" } }],

    "typescript": ["typescript@5.9.3", "", {}, "sha512-jl1vZzPDinLr9eUt3J/t7V6FgNEw9QjvBPdysz9KfQDD41fQrC2Y4vKQdiaUpFT4bXlb1RHhLpp8wtm6M5TgSw=="],

    "typescript-eslint": ["typescript-eslint@8.46.1", "", { "dependencies": { "@typescript-eslint/eslint-plugin": "8.46.1", "@typescript-eslint/parser": "8.46.1", "@typescript-eslint/typescript-estree": "8.46.1", "@typescript-eslint/utils": "8.46.1" }, "peerDependencies": { "eslint": "^8.57.0 || ^9.0.0", "typescript": ">=4.8.4 <6.0.0" } }, "sha512-VHgijW803JafdSsDO8I761r3SHrgk4T00IdyQ+/UsthtgPRsBWQLqoSxOolxTpxRKi1kGXK0bSz4CoAc9ObqJA=="],

    "undici-types": ["undici-types@7.14.0", "", {}, "sha512-QQiYxHuyZ9gQUIrmPo3IA+hUl4KYk8uSA7cHrcKd/l3p1OTpZcM0Tbp9x7FAtXdAYhlasd60ncPpgu6ihG6TOA=="],

    "unpipe": ["unpipe@https://registry.npmjs.org/unpipe/-/unpipe-1.0.0.tgz", {}],

    "uri-js": ["uri-js@https://registry.npmjs.org/uri-js/-/uri-js-4.4.1.tgz", { "dependencies": { "punycode": "^2.1.0" } }],

    "utils-merge": ["utils-merge@https://registry.npmjs.org/utils-merge/-/utils-merge-1.0.1.tgz", {}],

    "v8-compile-cache-lib": ["v8-compile-cache-lib@3.0.1", "", {}, "sha512-wa7YjyUGfNZngI/vtK0UHAN+lgDCxBPCylVXGp0zu59Fz5aiGtNXaq3DhIov063MorB+VfufLh3JlF2KdTK3xg=="],

    "vary": ["vary@https://registry.npmjs.org/vary/-/vary-1.1.2.tgz", {}],

    "which": ["which@https://registry.npmjs.org/which/-/which-2.0.2.tgz", { "dependencies": { "isexe": "^2.0.0" } }],

    "word-wrap": ["word-wrap@1.2.5", "", {}, "sha512-BN22B5eaMMI9UMtjrGd5g5eCYPpCPDUy0FJXbYsaT5zYxjFOckS53SQDE3pWkVoWpHXVb3BrYcEN4Twa55B5cA=="],

    "yn": ["yn@3.1.1", "", {}, "sha512-Ux4ygGWsu2c7isFWe8Yu1YluJmqVhxqK2cLXNQA5AcC3QfbGNpM7fu0Y8b/z16pXLnFxZYvWhd3fhBY9DLmC6Q=="],

    "yocto-queue": ["yocto-queue@0.1.0", "", {}, "sha512-rVksvsnNCdJ/ohGc6xgPwyN8eheCxsiLM8mxuE/t/mOVqJewPuO1miLpTHQiRgTKCLexL4MeAFVagts7HmNZ2Q=="],

    "@eslint-community/eslint-utils/eslint-visitor-keys": ["eslint-visitor-keys@3.4.3", "", {}, "sha512-wpc+LXeiyiisxPlEkUzU6svyS1frIO3Mgxj1fdy7Pm8Ygzguax2N3Fa/D/ag1WqbOprdI+uY6wMUl8/a2G+iag=="],

    "@eslint/eslintrc/debug": ["debug@https://registry.npmjs.org/debug/-/debug-4.3.3.tgz", { "dependencies": { "ms": "2.1.2" } }],

    "@eslint/eslintrc/globals": ["globals@14.0.0", "", {}, "sha512-oahGvuMGQlPw/ivIYBjVSrWAfWLBeku5tpPE2fOPLi+WHffIWbuh2tCjhyQhTBPMf5E9jDEH4FOmTYgYwbKwtQ=="],

    "@eslint/eslintrc/ignore": ["ignore@https://registry.npmjs.org/ignore/-/ignore-5.2.0.tgz", {}],

    "@types/body-parser/@types/node": ["@types/node@https://registry.npmjs.org/@types/node/-/node-17.0.9.tgz", {}],

    "@types/connect/@types/node": ["@types/node@https://registry.npmjs.org/@types/node/-/node-17.0.9.tgz", {}],

    "@types/express-serve-static-core/@types/node": ["@types/node@https://registry.npmjs.org/@types/node/-/node-17.0.9.tgz", {}],

    "@types/send/@types/mime": ["@types/mime@1.3.5", "", {}, "sha512-/pyBZWSLD2n0dcHE3hq8s8ZvcETHtEuF+3E7XVt0Ig2nvsVQXdghHVcEkIWjy9A0wKfTn97a/PSDYohKIlnP/w=="],

    "@types/send/@types/node": ["@types/node@https://registry.npmjs.org/@types/node/-/node-17.0.9.tgz", {}],

    "@types/serve-static/@types/node": ["@types/node@https://registry.npmjs.org/@types/node/-/node-17.0.9.tgz", {}],

    "@typescript-eslint/typescript-estree/is-glob": ["is-glob@4.0.3", "", { "dependencies": { "is-extglob": "^2.1.1" } }, "sha512-xelSayHH36ZgE7ZWhli7pW34hNbNl8Ojv5KVmkJD4hBdD3th8Tfk9vYasLM+mXWOZhFkgZfxhLSnrwRr4elSSg=="],

    "@typescript-eslint/typescript-estree/minimatch": ["minimatch@9.0.5", "", { "dependencies": { "brace-expansion": "^2.0.1" } }, "sha512-G6T0ZX48xgozx7587koeX9Ys2NYy6Gmv//P89sEte9V9whIapMNF4idKxnW2QtCcLiTWlb/wfCabAtAFWhhBow=="],

    "body-parser/content-type": ["content-type@1.0.5", "", {}, "sha512-nTjqfcBFEipKdXCv4YDQWCfmcLZKm81ldF0pAopTvyrFGVbcR6P/VAAd5G7N+0tTr8QqiU0tFadD6FK4NtJwOA=="],

    "body-parser/debug": ["debug@https://registry.npmjs.org/debug/-/debug-2.6.9.tgz", { "dependencies": { "ms": "2.0.0" } }],

    "call-bind/function-bind": ["function-bind@https://registry.npmjs.org/function-bind/-/function-bind-1.1.1.tgz", {}],

    "call-bind/get-intrinsic": ["get-intrinsic@https://registry.npmjs.org/get-intrinsic/-/get-intrinsic-1.1.1.tgz", { "dependencies": { "function-bind": "^1.1.1", "has": "^1.0.3", "has-symbols": "^1.0.1" } }],

    "eslint/debug": ["debug@https://registry.npmjs.org/debug/-/debug-4.3.3.tgz", { "dependencies": { "ms": "2.1.2" } }],

    "eslint/ignore": ["ignore@https://registry.npmjs.org/ignore/-/ignore-5.2.0.tgz", {}],

    "eslint/natural-compare": ["natural-compare@https://registry.npmjs.org/natural-compare/-/natural-compare-1.4.0.tgz", {}],

    "express/debug": ["debug@https://registry.npmjs.org/debug/-/debug-2.6.9.tgz", { "dependencies": { "ms": "2.0.0" } }],

    "fast-glob/glob-parent": ["glob-parent@5.1.2", "", { "dependencies": { "is-glob": "^4.0.1" } }, "sha512-AOIgSQCepiJYwP3ARnGx+5VnTu2HBYdzbGP45eLw1vr3zB3vZLeyed1sC9hnbcOc9/SrMyM5RPQrkGz4aS9Zow=="],

    "finalhandler/debug": ["debug@https://registry.npmjs.org/debug/-/debug-2.6.9.tgz", { "dependencies": { "ms": "2.0.0" } }],

    "has/function-bind": ["function-bind@https://registry.npmjs.org/function-bind/-/function-bind-1.1.1.tgz", {}],

    "send/debug": ["debug@https://registry.npmjs.org/debug/-/debug-2.6.9.tgz", { "dependencies": { "ms": "2.0.0" } }],

    "side-channel/get-intrinsic": ["get-intrinsic@https://registry.npmjs.org/get-intrinsic/-/get-intrinsic-1.1.1.tgz", { "dependencies": { "function-bind": "^1.1.1", "has": "^1.0.3", "has-symbols": "^1.0.1" } }],

    "type-is/mime-types": ["mime-types@https://registry.npmjs.org/mime-types/-/mime-types-2.1.27.tgz", { "dependencies": { "mime-db": "1.44.0" } }],

    "@eslint/eslintrc/debug/ms": ["ms@https://registry.npmjs.org/ms/-/ms-2.1.2.tgz", {}],

    "@typescript-eslint/typescript-estree/is-glob/is-extglob": ["is-extglob@2.1.1", "", {}, "sha512-SbKbANkN603Vi4jEZv49LeVJMn4yGwsbzZworEoyEiutsN3nJYdbO36zfhGJ6QEDpOZIFkDtnq5JRxmvl3jsoQ=="],

    "@typescript-eslint/typescript-estree/minimatch/brace-expansion": ["brace-expansion@2.0.2", "", { "dependencies": { "balanced-match": "^1.0.0" } }, "sha512-Jt0vHyM+jmUBqojB7E1NIYadt0vI0Qxjxd2TErW94wDz+E2LAm5vKMXXwg6ZZBTHPuUlDgQHKXvjGBdfcF1ZDQ=="],

    "body-parser/debug/ms": ["ms@https://registry.npmjs.org/ms/-/ms-2.0.0.tgz", {}],

    "call-bind/get-intrinsic/has-symbols": ["has-symbols@https://registry.npmjs.org/has-symbols/-/has-symbols-1.0.2.tgz", {}],

    "eslint/debug/ms": ["ms@https://registry.npmjs.org/ms/-/ms-2.1.2.tgz", {}],

    "express/debug/ms": ["ms@https://registry.npmjs.org/ms/-/ms-2.0.0.tgz", {}],

    "fast-glob/glob-parent/is-glob": ["is-glob@4.0.3", "", { "dependencies": { "is-extglob": "^2.1.1" } }, "sha512-xelSayHH36ZgE7ZWhli7pW34hNbNl8Ojv5KVmkJD4hBdD3th8Tfk9vYasLM+mXWOZhFkgZfxhLSnrwRr4elSSg=="],

    "finalhandler/debug/ms": ["ms@https://registry.npmjs.org/ms/-/ms-2.0.0.tgz", {}],

    "send/debug/ms": ["ms@https://registry.npmjs.org/ms/-/ms-2.0.0.tgz", {}],

    "side-channel/get-intrinsic/function-bind": ["function-bind@https://registry.npmjs.org/function-bind/-/function-bind-1.1.1.tgz", {}],

    "side-channel/get-intrinsic/has-symbols": ["has-symbols@https://registry.npmjs.org/has-symbols/-/has-symbols-1.0.2.tgz", {}],

    "type-is/mime-types/mime-db": ["mime-db@https://registry.npmjs.org/mime-db/-/mime-db-1.44.0.tgz", {}],

    "@typescript-eslint/typescript-estree/minimatch/brace-expansion/balanced-match": ["balanced-match@1.0.2", "", {}, "sha512-3oSeUO0TMV67hN1AmbXsK4yaqU7tjiHlbxRDZOpH0KW9+CeX4bRAaX0Anxt0tx2MrpRpWwQaPwIlISEJhYU5Pw=="],

    "fast-glob/glob-parent/is-glob/is-extglob": ["is-extglob@2.1.1", "", {}, "sha512-SbKbANkN603Vi4jEZv49LeVJMn4yGwsbzZworEoyEiutsN3nJYdbO36zfhGJ6QEDpOZIFkDtnq5JRxmvl3jsoQ=="],
  }
}
